// !$*UTF8*$!
{
	archiveVersion = 1;
	classes = {
	};
	objectVersion = 46;
	objects = {

/* Begin PBXBuildFile section */
		DA3F4B6B19A9144200F6F19C /* Runtime.h in Headers */ = {isa = PBXBuildFile; fileRef = DA3F4B6A19A9144200F6F19C /* Runtime.h */; settings = {ATTRIBUTES = (Public, ); }; };
		DA3F4B9D19A9175C00F6F19C /* Nimble.framework in Frameworks */ = {isa = PBXBuildFile; fileRef = DA3F4B9A19A9172F00F6F19C /* Nimble.framework */; };
		DA3F4B9E19A9175C00F6F19C /* Quick.framework in Frameworks */ = {isa = PBXBuildFile; fileRef = DA3F4B8719A9171200F6F19C /* Quick.framework */; };
		DAEDCDDD19AAD88D008132BB /* Nimble.framework in Frameworks */ = {isa = PBXBuildFile; fileRef = DA3F4B9619A9172F00F6F19C /* Nimble.framework */; };
		DAEDCDDE19AAD88D008132BB /* Quick.framework in Frameworks */ = {isa = PBXBuildFile; fileRef = DA3F4B8719A9171200F6F19C /* Quick.framework */; };
/* End PBXBuildFile section */

/* Begin PBXContainerItemProxy section */
		DA3F4B8619A9171200F6F19C /* PBXContainerItemProxy */ = {
			isa = PBXContainerItemProxy;
			containerPortal = DA3F4B7E19A9171100F6F19C /* Quick.xcodeproj */;
			proxyType = 2;
			remoteGlobalIDString = DAEB6B8E1943873100289F44;
			remoteInfo = Quick;
		};
		DA3F4B8819A9171200F6F19C /* PBXContainerItemProxy */ = {
			isa = PBXContainerItemProxy;
			containerPortal = DA3F4B7E19A9171100F6F19C /* Quick.xcodeproj */;
			proxyType = 2;
			remoteGlobalIDString = DAEB6B991943873100289F44;
			remoteInfo = QuickTests;
		};
		DA3F4B8A19A9171200F6F19C /* PBXContainerItemProxy */ = {
			isa = PBXContainerItemProxy;
			containerPortal = DA3F4B7E19A9171100F6F19C /* Quick.xcodeproj */;
			proxyType = 2;
			remoteGlobalIDString = 5A5D117C19473F2100F6D13D;
			remoteInfo = "Quick-iOS";
		};
		DA3F4B8C19A9171200F6F19C /* PBXContainerItemProxy */ = {
			isa = PBXContainerItemProxy;
			containerPortal = DA3F4B7E19A9171100F6F19C /* Quick.xcodeproj */;
			proxyType = 2;
			remoteGlobalIDString = 5A5D118619473F2100F6D13D;
			remoteInfo = "Quick-iOSTests";
		};
		DA3F4B9519A9172F00F6F19C /* PBXContainerItemProxy */ = {
			isa = PBXContainerItemProxy;
			containerPortal = DA3F4B8E19A9172E00F6F19C /* Nimble.xcodeproj */;
			proxyType = 2;
			remoteGlobalIDString = 1F1A74291940169200FFFC47;
			remoteInfo = "Nimble-iOS";
		};
		DA3F4B9719A9172F00F6F19C /* PBXContainerItemProxy */ = {
			isa = PBXContainerItemProxy;
			containerPortal = DA3F4B8E19A9172E00F6F19C /* Nimble.xcodeproj */;
			proxyType = 2;
			remoteGlobalIDString = 1F1A74341940169200FFFC47;
			remoteInfo = "Nimble-iOSTests";
		};
		DA3F4B9919A9172F00F6F19C /* PBXContainerItemProxy */ = {
			isa = PBXContainerItemProxy;
			containerPortal = DA3F4B8E19A9172E00F6F19C /* Nimble.xcodeproj */;
			proxyType = 2;
			remoteGlobalIDString = 1F925EAD195C0D6300ED456B;
			remoteInfo = "Nimble-OSX";
		};
		DA3F4B9B19A9172F00F6F19C /* PBXContainerItemProxy */ = {
			isa = PBXContainerItemProxy;
			containerPortal = DA3F4B8E19A9172E00F6F19C /* Nimble.xcodeproj */;
			proxyType = 2;
			remoteGlobalIDString = 1F925EB7195C0D6300ED456B;
			remoteInfo = "Nimble-OSXTests";
		};
		DAEDCD9219AAD007008132BB /* PBXContainerItemProxy */ = {
			isa = PBXContainerItemProxy;
			containerPortal = DA3F4B5C19A9144200F6F19C /* Project object */;
			proxyType = 1;
			remoteGlobalIDString = DA3F4B6419A9144200F6F19C;
			remoteInfo = Runtime;
		};
		DAEDCDE819AAD8FC008132BB /* PBXContainerItemProxy */ = {
			isa = PBXContainerItemProxy;
			containerPortal = DA3F4B5C19A9144200F6F19C /* Project object */;
			proxyType = 1;
			remoteGlobalIDString = DAEDCDB419AAD40C008132BB;
			remoteInfo = "Runtime-iOS";
		};
/* End PBXContainerItemProxy section */

/* Begin PBXFileReference section */
		DA3F4B6519A9144200F6F19C /* Runtime.framework */ = {isa = PBXFileReference; explicitFileType = wrapper.framework; includeInIndex = 0; path = Runtime.framework; sourceTree = BUILT_PRODUCTS_DIR; };
		DA3F4B6919A9144200F6F19C /* Info.plist */ = {isa = PBXFileReference; lastKnownFileType = text.plist.xml; path = Info.plist; sourceTree = "<group>"; };
		DA3F4B6A19A9144200F6F19C /* Runtime.h */ = {isa = PBXFileReference; lastKnownFileType = sourcecode.c.h; path = Runtime.h; sourceTree = "<group>"; };
		DA3F4B7019A9144200F6F19C /* Runtime-MacTests.xctest */ = {isa = PBXFileReference; explicitFileType = wrapper.cfbundle; includeInIndex = 0; path = "Runtime-MacTests.xctest"; sourceTree = BUILT_PRODUCTS_DIR; };
		DA3F4B7319A9144200F6F19C /* Info.plist */ = {isa = PBXFileReference; lastKnownFileType = text.plist.xml; path = Info.plist; sourceTree = "<group>"; };
		DA3F4B7E19A9171100F6F19C /* Quick.xcodeproj */ = {isa = PBXFileReference; lastKnownFileType = "wrapper.pb-project"; name = Quick.xcodeproj; path = External/Quick/Quick/Quick.xcodeproj; sourceTree = SOURCE_ROOT; };
		DA3F4B8E19A9172E00F6F19C /* Nimble.xcodeproj */ = {isa = PBXFileReference; lastKnownFileType = "wrapper.pb-project"; name = Nimble.xcodeproj; path = External/Nimble/Nimble.xcodeproj; sourceTree = SOURCE_ROOT; };
		DAEDCDB519AAD40C008132BB /* Runtime.framework */ = {isa = PBXFileReference; explicitFileType = wrapper.framework; includeInIndex = 0; path = Runtime.framework; sourceTree = BUILT_PRODUCTS_DIR; };
		DAEDCDBF19AAD40C008132BB /* Runtime-iOSTests.xctest */ = {isa = PBXFileReference; explicitFileType = wrapper.cfbundle; includeInIndex = 0; path = "Runtime-iOSTests.xctest"; sourceTree = BUILT_PRODUCTS_DIR; };
		DAFF397819AC2CEA006C69A2 /* JSON.xcodeproj */ = {isa = PBXFileReference; lastKnownFileType = "wrapper.pb-project"; name = JSON.xcodeproj; path = "External/json-swift/JSON.xcodeproj"; sourceTree = SOURCE_ROOT; };
/* End PBXFileReference section */

/* Begin PBXFrameworksBuildPhase section */
		DA3F4B6119A9144200F6F19C /* Frameworks */ = {
			isa = PBXFrameworksBuildPhase;
			buildActionMask = 2147483647;
			files = (
			);
			runOnlyForDeploymentPostprocessing = 0;
		};
		DA3F4B6D19A9144200F6F19C /* Frameworks */ = {
			isa = PBXFrameworksBuildPhase;
			buildActionMask = 2147483647;
			files = (
				DA3F4B9D19A9175C00F6F19C /* Nimble.framework in Frameworks */,
				DA3F4B9E19A9175C00F6F19C /* Quick.framework in Frameworks */,
			);
			runOnlyForDeploymentPostprocessing = 0;
		};
		DAEDCDB119AAD40C008132BB /* Frameworks */ = {
			isa = PBXFrameworksBuildPhase;
			buildActionMask = 2147483647;
			files = (
			);
			runOnlyForDeploymentPostprocessing = 0;
		};
		DAEDCDBC19AAD40C008132BB /* Frameworks */ = {
			isa = PBXFrameworksBuildPhase;
			buildActionMask = 2147483647;
			files = (
				DAEDCDDD19AAD88D008132BB /* Nimble.framework in Frameworks */,
				DAEDCDDE19AAD88D008132BB /* Quick.framework in Frameworks */,
			);
			runOnlyForDeploymentPostprocessing = 0;
		};
/* End PBXFrameworksBuildPhase section */

/* Begin PBXGroup section */
		DA3F4B5B19A9144200F6F19C = {
			isa = PBXGroup;
			children = (
				DA3F4B6719A9144200F6F19C /* Runtime */,
				DA3F4B7119A9144200F6F19C /* RuntimeTests */,
				DA3F4B6619A9144200F6F19C /* Products */,
			);
			sourceTree = "<group>";
		};
		DA3F4B6619A9144200F6F19C /* Products */ = {
			isa = PBXGroup;
			children = (
				DA3F4B6519A9144200F6F19C /* Runtime.framework */,
				DA3F4B7019A9144200F6F19C /* Runtime-MacTests.xctest */,
				DAEDCDB519AAD40C008132BB /* Runtime.framework */,
				DAEDCDBF19AAD40C008132BB /* Runtime-iOSTests.xctest */,
			);
			name = Products;
			sourceTree = "<group>";
		};
		DA3F4B6719A9144200F6F19C /* Runtime */ = {
			isa = PBXGroup;
			children = (
				DA3F4B6A19A9144200F6F19C /* Runtime.h */,
				DA3F4B6819A9144200F6F19C /* Supporting Files */,
			);
			path = Runtime;
			sourceTree = "<group>";
		};
		DA3F4B6819A9144200F6F19C /* Supporting Files */ = {
			isa = PBXGroup;
			children = (
				DA3F4B6919A9144200F6F19C /* Info.plist */,
			);
			name = "Supporting Files";
			sourceTree = "<group>";
		};
		DA3F4B7119A9144200F6F19C /* RuntimeTests */ = {
			isa = PBXGroup;
			children = (
				DA3F4B8E19A9172E00F6F19C /* Nimble.xcodeproj */,
				DA3F4B7E19A9171100F6F19C /* Quick.xcodeproj */,
				DA3F4B7219A9144200F6F19C /* Supporting Files */,
			);
			path = RuntimeTests;
			sourceTree = "<group>";
		};
		DA3F4B7219A9144200F6F19C /* Supporting Files */ = {
			isa = PBXGroup;
			children = (
				DA3F4B7319A9144200F6F19C /* Info.plist */,
			);
			name = "Supporting Files";
			sourceTree = "<group>";
		};
		DA3F4B7F19A9171100F6F19C /* Products */ = {
			isa = PBXGroup;
			children = (
				DA3F4B8719A9171200F6F19C /* Quick.framework */,
				DA3F4B8919A9171200F6F19C /* QuickTests.xctest */,
				DA3F4B8B19A9171200F6F19C /* Quick.framework */,
				DA3F4B8D19A9171200F6F19C /* Quick-iOSTests.xctest */,
			);
			name = Products;
			sourceTree = "<group>";
		};
		DA3F4B8F19A9172E00F6F19C /* Products */ = {
			isa = PBXGroup;
			children = (
				DA3F4B9619A9172F00F6F19C /* Nimble.framework */,
				DA3F4B9819A9172F00F6F19C /* NimbleTests.xctest */,
				DA3F4B9A19A9172F00F6F19C /* Nimble.framework */,
				DA3F4B9C19A9172F00F6F19C /* Nimble-OSXTests.xctest */,
			);
			name = Products;
			sourceTree = "<group>";
		};
/* End PBXGroup section */

/* Begin PBXHeadersBuildPhase section */
		DA3F4B6219A9144200F6F19C /* Headers */ = {
			isa = PBXHeadersBuildPhase;
			buildActionMask = 2147483647;
			files = (
				DA3F4B6B19A9144200F6F19C /* Runtime.h in Headers */,
			);
			runOnlyForDeploymentPostprocessing = 0;
		};
		DAEDCDB219AAD40C008132BB /* Headers */ = {
			isa = PBXHeadersBuildPhase;
			buildActionMask = 2147483647;
			files = (
			);
			runOnlyForDeploymentPostprocessing = 0;
		};
/* End PBXHeadersBuildPhase section */

/* Begin PBXNativeTarget section */
		DA3F4B6419A9144200F6F19C /* Runtime-Mac */ = {
			isa = PBXNativeTarget;
			buildConfigurationList = DA3F4B7819A9144200F6F19C /* Build configuration list for PBXNativeTarget "Runtime-Mac" */;
			buildPhases = (
				DA3F4B6019A9144200F6F19C /* Sources */,
				DA3F4B6119A9144200F6F19C /* Frameworks */,
				DA3F4B6219A9144200F6F19C /* Headers */,
				DA3F4B6319A9144200F6F19C /* Resources */,
			);
			buildRules = (
			);
			dependencies = (
			);
			name = "Runtime-Mac";
			productName = Runtime;
			productReference = DA3F4B6519A9144200F6F19C /* Runtime.framework */;
			productType = "com.apple.product-type.framework";
		};
		DA3F4B6F19A9144200F6F19C /* Runtime-MacTests */ = {
			isa = PBXNativeTarget;
			buildConfigurationList = DA3F4B7B19A9144200F6F19C /* Build configuration list for PBXNativeTarget "Runtime-MacTests" */;
			buildPhases = (
				DA3F4B6C19A9144200F6F19C /* Sources */,
				DA3F4B6D19A9144200F6F19C /* Frameworks */,
				DA3F4B6E19A9144200F6F19C /* Resources */,
			);
			buildRules = (
			);
			dependencies = (
				DAEDCD9319AAD007008132BB /* PBXTargetDependency */,
			);
			name = "Runtime-MacTests";
			productName = RuntimeTests;
			productReference = DA3F4B7019A9144200F6F19C /* Runtime-MacTests.xctest */;
			productType = "com.apple.product-type.bundle.unit-test";
		};
		DAEDCDB419AAD40C008132BB /* Runtime-iOS */ = {
			isa = PBXNativeTarget;
			buildConfigurationList = DAEDCDC519AAD40C008132BB /* Build configuration list for PBXNativeTarget "Runtime-iOS" */;
			buildPhases = (
				DAEDCDB019AAD40C008132BB /* Sources */,
				DAEDCDB119AAD40C008132BB /* Frameworks */,
				DAEDCDB219AAD40C008132BB /* Headers */,
				DAEDCDB319AAD40C008132BB /* Resources */,
			);
			buildRules = (
			);
			dependencies = (
			);
			name = "Runtime-iOS";
			productName = Runtime;
			productReference = DAEDCDB519AAD40C008132BB /* Runtime.framework */;
			productType = "com.apple.product-type.framework";
		};
		DAEDCDBE19AAD40C008132BB /* Runtime-iOSTests */ = {
			isa = PBXNativeTarget;
			buildConfigurationList = DAEDCDC819AAD40C008132BB /* Build configuration list for PBXNativeTarget "Runtime-iOSTests" */;
			buildPhases = (
				DAEDCDBB19AAD40C008132BB /* Sources */,
				DAEDCDBC19AAD40C008132BB /* Frameworks */,
				DAEDCDBD19AAD40C008132BB /* Resources */,
			);
			buildRules = (
			);
			dependencies = (
				DAEDCDE919AAD8FC008132BB /* PBXTargetDependency */,
			);
			name = "Runtime-iOSTests";
			productName = RuntimeTests;
			productReference = DAEDCDBF19AAD40C008132BB /* Runtime-iOSTests.xctest */;
			productType = "com.apple.product-type.bundle.unit-test";
		};
/* End PBXNativeTarget section */

/* Begin PBXProject section */
		DA3F4B5C19A9144200F6F19C /* Project object */ = {
			isa = PBXProject;
			attributes = {
				LastUpgradeCheck = 0600;
				ORGANIZATIONNAME = CocoaFlow;
				TargetAttributes = {
					DA3F4B6419A9144200F6F19C = {
						CreatedOnToolsVersion = 6.0;
					};
					DA3F4B6F19A9144200F6F19C = {
						CreatedOnToolsVersion = 6.0;
					};
					DAEDCDB419AAD40C008132BB = {
						CreatedOnToolsVersion = 6.0;
					};
					DAEDCDBE19AAD40C008132BB = {
						CreatedOnToolsVersion = 6.0;
					};
				};
			};
			buildConfigurationList = DA3F4B5F19A9144200F6F19C /* Build configuration list for PBXProject "Runtime" */;
			compatibilityVersion = "Xcode 3.2";
			developmentRegion = English;
			hasScannedForEncodings = 0;
			knownRegions = (
				en,
			);
			mainGroup = DA3F4B5B19A9144200F6F19C;
			productRefGroup = DA3F4B6619A9144200F6F19C /* Products */;
			projectDirPath = "";
			projectReferences = (
				{
					ProductGroup = DA3F4B8F19A9172E00F6F19C /* Products */;
					ProjectRef = DA3F4B8E19A9172E00F6F19C /* Nimble.xcodeproj */;
				},
				{
					ProductGroup = DA3F4B7F19A9171100F6F19C /* Products */;
					ProjectRef = DA3F4B7E19A9171100F6F19C /* Quick.xcodeproj */;
				},
			);
			projectRoot = "";
			targets = (
				DA3F4B6419A9144200F6F19C /* Runtime-Mac */,
				DA3F4B6F19A9144200F6F19C /* Runtime-MacTests */,
				DAEDCDB419AAD40C008132BB /* Runtime-iOS */,
				DAEDCDBE19AAD40C008132BB /* Runtime-iOSTests */,
			);
		};
/* End PBXProject section */

/* Begin PBXReferenceProxy section */
		DA3F4B8719A9171200F6F19C /* Quick.framework */ = {
			isa = PBXReferenceProxy;
			fileType = wrapper.framework;
			path = Quick.framework;
			remoteRef = DA3F4B8619A9171200F6F19C /* PBXContainerItemProxy */;
			sourceTree = BUILT_PRODUCTS_DIR;
		};
		DA3F4B8919A9171200F6F19C /* QuickTests.xctest */ = {
			isa = PBXReferenceProxy;
			fileType = wrapper.cfbundle;
			path = QuickTests.xctest;
			remoteRef = DA3F4B8819A9171200F6F19C /* PBXContainerItemProxy */;
			sourceTree = BUILT_PRODUCTS_DIR;
		};
		DA3F4B8B19A9171200F6F19C /* Quick.framework */ = {
			isa = PBXReferenceProxy;
			fileType = wrapper.framework;
			path = Quick.framework;
			remoteRef = DA3F4B8A19A9171200F6F19C /* PBXContainerItemProxy */;
			sourceTree = BUILT_PRODUCTS_DIR;
		};
		DA3F4B8D19A9171200F6F19C /* Quick-iOSTests.xctest */ = {
			isa = PBXReferenceProxy;
			fileType = wrapper.cfbundle;
			path = "Quick-iOSTests.xctest";
			remoteRef = DA3F4B8C19A9171200F6F19C /* PBXContainerItemProxy */;
			sourceTree = BUILT_PRODUCTS_DIR;
		};
		DA3F4B9619A9172F00F6F19C /* Nimble.framework */ = {
			isa = PBXReferenceProxy;
			fileType = wrapper.framework;
			path = Nimble.framework;
			remoteRef = DA3F4B9519A9172F00F6F19C /* PBXContainerItemProxy */;
			sourceTree = BUILT_PRODUCTS_DIR;
		};
		DA3F4B9819A9172F00F6F19C /* NimbleTests.xctest */ = {
			isa = PBXReferenceProxy;
			fileType = wrapper.cfbundle;
			path = NimbleTests.xctest;
			remoteRef = DA3F4B9719A9172F00F6F19C /* PBXContainerItemProxy */;
			sourceTree = BUILT_PRODUCTS_DIR;
		};
		DA3F4B9A19A9172F00F6F19C /* Nimble.framework */ = {
			isa = PBXReferenceProxy;
			fileType = wrapper.framework;
			path = Nimble.framework;
			remoteRef = DA3F4B9919A9172F00F6F19C /* PBXContainerItemProxy */;
			sourceTree = BUILT_PRODUCTS_DIR;
		};
		DA3F4B9C19A9172F00F6F19C /* Nimble-OSXTests.xctest */ = {
			isa = PBXReferenceProxy;
			fileType = wrapper.cfbundle;
			path = "Nimble-OSXTests.xctest";
			remoteRef = DA3F4B9B19A9172F00F6F19C /* PBXContainerItemProxy */;
			sourceTree = BUILT_PRODUCTS_DIR;
		};
/* End PBXReferenceProxy section */

/* Begin PBXResourcesBuildPhase section */
		DA3F4B6319A9144200F6F19C /* Resources */ = {
			isa = PBXResourcesBuildPhase;
			buildActionMask = 2147483647;
			files = (
			);
			runOnlyForDeploymentPostprocessing = 0;
		};
		DA3F4B6E19A9144200F6F19C /* Resources */ = {
			isa = PBXResourcesBuildPhase;
			buildActionMask = 2147483647;
			files = (
			);
			runOnlyForDeploymentPostprocessing = 0;
		};
		DAEDCDB319AAD40C008132BB /* Resources */ = {
			isa = PBXResourcesBuildPhase;
			buildActionMask = 2147483647;
			files = (
			);
			runOnlyForDeploymentPostprocessing = 0;
		};
		DAEDCDBD19AAD40C008132BB /* Resources */ = {
			isa = PBXResourcesBuildPhase;
			buildActionMask = 2147483647;
			files = (
			);
			runOnlyForDeploymentPostprocessing = 0;
		};
/* End PBXResourcesBuildPhase section */

/* Begin PBXSourcesBuildPhase section */
		DA3F4B6019A9144200F6F19C /* Sources */ = {
			isa = PBXSourcesBuildPhase;
			buildActionMask = 2147483647;
			files = (
			);
			runOnlyForDeploymentPostprocessing = 0;
		};
		DA3F4B6C19A9144200F6F19C /* Sources */ = {
			isa = PBXSourcesBuildPhase;
			buildActionMask = 2147483647;
			files = (
			);
			runOnlyForDeploymentPostprocessing = 0;
		};
		DAEDCDB019AAD40C008132BB /* Sources */ = {
			isa = PBXSourcesBuildPhase;
			buildActionMask = 2147483647;
			files = (
			);
			runOnlyForDeploymentPostprocessing = 0;
		};
		DAEDCDBB19AAD40C008132BB /* Sources */ = {
			isa = PBXSourcesBuildPhase;
			buildActionMask = 2147483647;
			files = (
			);
			runOnlyForDeploymentPostprocessing = 0;
		};
/* End PBXSourcesBuildPhase section */

/* Begin PBXTargetDependency section */
		DAEDCD9319AAD007008132BB /* PBXTargetDependency */ = {
			isa = PBXTargetDependency;
			target = DA3F4B6419A9144200F6F19C /* Runtime-Mac */;
			targetProxy = DAEDCD9219AAD007008132BB /* PBXContainerItemProxy */;
		};
		DAEDCDE919AAD8FC008132BB /* PBXTargetDependency */ = {
			isa = PBXTargetDependency;
			target = DAEDCDB419AAD40C008132BB /* Runtime-iOS */;
			targetProxy = DAEDCDE819AAD8FC008132BB /* PBXContainerItemProxy */;
		};
/* End PBXTargetDependency section */

/* Begin XCBuildConfiguration section */
		DA3F4B7619A9144200F6F19C /* Debug */ = {
			isa = XCBuildConfiguration;
			buildSettings = {
				ALWAYS_SEARCH_USER_PATHS = NO;
				CLANG_CXX_LANGUAGE_STANDARD = "gnu++0x";
				CLANG_CXX_LIBRARY = "libc++";
				CLANG_ENABLE_MODULES = YES;
				CLANG_ENABLE_OBJC_ARC = YES;
				CLANG_WARN_BOOL_CONVERSION = YES;
				CLANG_WARN_CONSTANT_CONVERSION = YES;
				CLANG_WARN_DIRECT_OBJC_ISA_USAGE = YES_ERROR;
				CLANG_WARN_EMPTY_BODY = YES;
				CLANG_WARN_ENUM_CONVERSION = YES;
				CLANG_WARN_INT_CONVERSION = YES;
				CLANG_WARN_OBJC_ROOT_CLASS = YES_ERROR;
				CLANG_WARN_UNREACHABLE_CODE = YES;
				CLANG_WARN__DUPLICATE_METHOD_MATCH = YES;
				COPY_PHASE_STRIP = NO;
				CURRENT_PROJECT_VERSION = 1;
				ENABLE_STRICT_OBJC_MSGSEND = YES;
				GCC_C_LANGUAGE_STANDARD = gnu99;
				GCC_DYNAMIC_NO_PIC = NO;
				GCC_OPTIMIZATION_LEVEL = 0;
				GCC_PREPROCESSOR_DEFINITIONS = (
					"DEBUG=1",
					"$(inherited)",
				);
				GCC_SYMBOLS_PRIVATE_EXTERN = NO;
				GCC_WARN_64_TO_32_BIT_CONVERSION = YES;
				GCC_WARN_ABOUT_RETURN_TYPE = YES_ERROR;
				GCC_WARN_UNDECLARED_SELECTOR = YES;
				GCC_WARN_UNINITIALIZED_AUTOS = YES_AGGRESSIVE;
				GCC_WARN_UNUSED_FUNCTION = YES;
				GCC_WARN_UNUSED_VARIABLE = YES;
				MACOSX_DEPLOYMENT_TARGET = 10.9;
				MTL_ENABLE_DEBUG_INFO = YES;
				ONLY_ACTIVE_ARCH = YES;
				SDKROOT = macosx;
				SWIFT_OPTIMIZATION_LEVEL = "-Onone";
				VERSIONING_SYSTEM = "apple-generic";
				VERSION_INFO_PREFIX = "";
				WARNING_CFLAGS = (
					"-Wall",
					"-Wextra",
					"-Werror",
				);
			};
			name = Debug;
		};
		DA3F4B7719A9144200F6F19C /* Release */ = {
			isa = XCBuildConfiguration;
			buildSettings = {
				ALWAYS_SEARCH_USER_PATHS = NO;
				CLANG_CXX_LANGUAGE_STANDARD = "gnu++0x";
				CLANG_CXX_LIBRARY = "libc++";
				CLANG_ENABLE_MODULES = YES;
				CLANG_ENABLE_OBJC_ARC = YES;
				CLANG_WARN_BOOL_CONVERSION = YES;
				CLANG_WARN_CONSTANT_CONVERSION = YES;
				CLANG_WARN_DIRECT_OBJC_ISA_USAGE = YES_ERROR;
				CLANG_WARN_EMPTY_BODY = YES;
				CLANG_WARN_ENUM_CONVERSION = YES;
				CLANG_WARN_INT_CONVERSION = YES;
				CLANG_WARN_OBJC_ROOT_CLASS = YES_ERROR;
				CLANG_WARN_UNREACHABLE_CODE = YES;
				CLANG_WARN__DUPLICATE_METHOD_MATCH = YES;
				COPY_PHASE_STRIP = YES;
				CURRENT_PROJECT_VERSION = 1;
				DEBUG_INFORMATION_FORMAT = "dwarf-with-dsym";
				ENABLE_NS_ASSERTIONS = NO;
				ENABLE_STRICT_OBJC_MSGSEND = YES;
				GCC_C_LANGUAGE_STANDARD = gnu99;
				GCC_WARN_64_TO_32_BIT_CONVERSION = YES;
				GCC_WARN_ABOUT_RETURN_TYPE = YES_ERROR;
				GCC_WARN_UNDECLARED_SELECTOR = YES;
				GCC_WARN_UNINITIALIZED_AUTOS = YES_AGGRESSIVE;
				GCC_WARN_UNUSED_FUNCTION = YES;
				GCC_WARN_UNUSED_VARIABLE = YES;
				MACOSX_DEPLOYMENT_TARGET = 10.9;
				MTL_ENABLE_DEBUG_INFO = NO;
				SDKROOT = macosx;
				VERSIONING_SYSTEM = "apple-generic";
				VERSION_INFO_PREFIX = "";
				WARNING_CFLAGS = (
					"-Wall",
					"-Wextra",
					"-Werror",
				);
			};
			name = Release;
		};
		DA3F4B7919A9144200F6F19C /* Debug */ = {
			isa = XCBuildConfiguration;
			buildSettings = {
				CLANG_ENABLE_MODULES = YES;
				COMBINE_HIDPI_IMAGES = YES;
				DEFINES_MODULE = YES;
				DYLIB_COMPATIBILITY_VERSION = 1;
				DYLIB_CURRENT_VERSION = 1;
				DYLIB_INSTALL_NAME_BASE = "@rpath";
				FRAMEWORK_VERSION = A;
				INFOPLIST_FILE = Runtime/Info.plist;
				INSTALL_PATH = "$(LOCAL_LIBRARY_DIR)/Frameworks";
				LD_RUNPATH_SEARCH_PATHS = "$(inherited) @executable_path/../Frameworks @loader_path/Frameworks";
				PRODUCT_NAME = Runtime;
				SKIP_INSTALL = YES;
				SWIFT_OPTIMIZATION_LEVEL = "-Onone";
			};
			name = Debug;
		};
		DA3F4B7A19A9144200F6F19C /* Release */ = {
			isa = XCBuildConfiguration;
			buildSettings = {
				CLANG_ENABLE_MODULES = YES;
				COMBINE_HIDPI_IMAGES = YES;
				DEFINES_MODULE = YES;
				DYLIB_COMPATIBILITY_VERSION = 1;
				DYLIB_CURRENT_VERSION = 1;
				DYLIB_INSTALL_NAME_BASE = "@rpath";
				FRAMEWORK_VERSION = A;
				INFOPLIST_FILE = Runtime/Info.plist;
				INSTALL_PATH = "$(LOCAL_LIBRARY_DIR)/Frameworks";
				LD_RUNPATH_SEARCH_PATHS = "$(inherited) @executable_path/../Frameworks @loader_path/Frameworks";
				PRODUCT_NAME = Runtime;
				SKIP_INSTALL = YES;
			};
			name = Release;
		};
		DA3F4B7C19A9144200F6F19C /* Debug */ = {
			isa = XCBuildConfiguration;
			buildSettings = {
				COMBINE_HIDPI_IMAGES = YES;
				FRAMEWORK_SEARCH_PATHS = (
					"$(DEVELOPER_FRAMEWORKS_DIR)",
					"$(inherited)",
				);
				GCC_PREPROCESSOR_DEFINITIONS = (
					"DEBUG=1",
					"$(inherited)",
				);
				INFOPLIST_FILE = RuntimeTests/Info.plist;
				LD_RUNPATH_SEARCH_PATHS = "$(inherited) @executable_path/../Frameworks @loader_path/../Frameworks";
				PRODUCT_NAME = "$(TARGET_NAME)";
			};
			name = Debug;
		};
		DA3F4B7D19A9144200F6F19C /* Release */ = {
			isa = XCBuildConfiguration;
			buildSettings = {
				COMBINE_HIDPI_IMAGES = YES;
				FRAMEWORK_SEARCH_PATHS = (
					"$(DEVELOPER_FRAMEWORKS_DIR)",
					"$(inherited)",
				);
				INFOPLIST_FILE = RuntimeTests/Info.plist;
				LD_RUNPATH_SEARCH_PATHS = "$(inherited) @executable_path/../Frameworks @loader_path/../Frameworks";
				PRODUCT_NAME = "$(TARGET_NAME)";
			};
			name = Release;
		};
		DAEDCDC619AAD40C008132BB /* Debug */ = {
			isa = XCBuildConfiguration;
			buildSettings = {
				"CODE_SIGN_IDENTITY[sdk=iphoneos*]" = "iPhone Developer";
				DEFINES_MODULE = YES;
				DYLIB_COMPATIBILITY_VERSION = 1;
				DYLIB_CURRENT_VERSION = 1;
				DYLIB_INSTALL_NAME_BASE = "@rpath";
				GCC_PREPROCESSOR_DEFINITIONS = (
					"DEBUG=1",
					"$(inherited)",
				);
				INFOPLIST_FILE = Runtime/Info.plist;
				INSTALL_PATH = "$(LOCAL_LIBRARY_DIR)/Frameworks";
				IPHONEOS_DEPLOYMENT_TARGET = 8.0;
				LD_RUNPATH_SEARCH_PATHS = "$(inherited) @executable_path/Frameworks @loader_path/Frameworks";
				PRODUCT_NAME = Runtime;
				SDKROOT = iphoneos;
				SKIP_INSTALL = YES;
				TARGETED_DEVICE_FAMILY = "1,2";
			};
			name = Debug;
		};
		DAEDCDC719AAD40C008132BB /* Release */ = {
			isa = XCBuildConfiguration;
			buildSettings = {
				"CODE_SIGN_IDENTITY[sdk=iphoneos*]" = "iPhone Developer";
				DEFINES_MODULE = YES;
				DYLIB_COMPATIBILITY_VERSION = 1;
				DYLIB_CURRENT_VERSION = 1;
				DYLIB_INSTALL_NAME_BASE = "@rpath";
				INFOPLIST_FILE = Runtime/Info.plist;
				INSTALL_PATH = "$(LOCAL_LIBRARY_DIR)/Frameworks";
				IPHONEOS_DEPLOYMENT_TARGET = 8.0;
				LD_RUNPATH_SEARCH_PATHS = "$(inherited) @executable_path/Frameworks @loader_path/Frameworks";
				PRODUCT_NAME = Runtime;
				SDKROOT = iphoneos;
				SKIP_INSTALL = YES;
				TARGETED_DEVICE_FAMILY = "1,2";
				VALIDATE_PRODUCT = YES;
			};
			name = Release;
		};
		DAEDCDC919AAD40C008132BB /* Debug */ = {
			isa = XCBuildConfiguration;
			buildSettings = {
				FRAMEWORK_SEARCH_PATHS = (
					"$(SDKROOT)/Developer/Library/Frameworks",
					"$(inherited)",
				);
				GCC_PREPROCESSOR_DEFINITIONS = (
					"DEBUG=1",
					"$(inherited)",
				);
				INFOPLIST_FILE = RuntimeTests/Info.plist;
				IPHONEOS_DEPLOYMENT_TARGET = 8.0;
				LD_RUNPATH_SEARCH_PATHS = "$(inherited) @executable_path/Frameworks @loader_path/Frameworks";
				PRODUCT_NAME = "$(TARGET_NAME)";
				SDKROOT = iphoneos;
			};
			name = Debug;
		};
		DAEDCDCA19AAD40C008132BB /* Release */ = {
			isa = XCBuildConfiguration;
			buildSettings = {
				FRAMEWORK_SEARCH_PATHS = (
					"$(SDKROOT)/Developer/Library/Frameworks",
					"$(inherited)",
				);
				INFOPLIST_FILE = RuntimeTests/Info.plist;
				IPHONEOS_DEPLOYMENT_TARGET = 8.0;
				LD_RUNPATH_SEARCH_PATHS = "$(inherited) @executable_path/Frameworks @loader_path/Frameworks";
				PRODUCT_NAME = "$(TARGET_NAME)";
				SDKROOT = iphoneos;
				VALIDATE_PRODUCT = YES;
			};
			name = Release;
		};
/* End XCBuildConfiguration section */

/* Begin XCConfigurationList section */
		DA3F4B5F19A9144200F6F19C /* Build configuration list for PBXProject "Runtime" */ = {
			isa = XCConfigurationList;
			buildConfigurations = (
				DA3F4B7619A9144200F6F19C /* Debug */,
				DA3F4B7719A9144200F6F19C /* Release */,
			);
			defaultConfigurationIsVisible = 0;
			defaultConfigurationName = Release;
		};
		DA3F4B7819A9144200F6F19C /* Build configuration list for PBXNativeTarget "Runtime-Mac" */ = {
			isa = XCConfigurationList;
			buildConfigurations = (
				DA3F4B7919A9144200F6F19C /* Debug */,
				DA3F4B7A19A9144200F6F19C /* Release */,
			);
			defaultConfigurationIsVisible = 0;
			defaultConfigurationName = Release;
		};
		DA3F4B7B19A9144200F6F19C /* Build configuration list for PBXNativeTarget "Runtime-MacTests" */ = {
			isa = XCConfigurationList;
			buildConfigurations = (
				DA3F4B7C19A9144200F6F19C /* Debug */,
				DA3F4B7D19A9144200F6F19C /* Release */,
			);
			defaultConfigurationIsVisible = 0;
			defaultConfigurationName = Release;
		};
		DAEDCDC519AAD40C008132BB /* Build configuration list for PBXNativeTarget "Runtime-iOS" */ = {
			isa = XCConfigurationList;
			buildConfigurations = (
				DAEDCDC619AAD40C008132BB /* Debug */,
				DAEDCDC719AAD40C008132BB /* Release */,
			);
			defaultConfigurationIsVisible = 0;
			defaultConfigurationName = Release;
		};
		DAEDCDC819AAD40C008132BB /* Build configuration list for PBXNativeTarget "Runtime-iOSTests" */ = {
			isa = XCConfigurationList;
			buildConfigurations = (
				DAEDCDC919AAD40C008132BB /* Debug */,
				DAEDCDCA19AAD40C008132BB /* Release */,
			);
			defaultConfigurationIsVisible = 0;
			defaultConfigurationName = Release;
		};
/* End XCConfigurationList section */
	};
	rootObject = DA3F4B5C19A9144200F6F19C /* Project object */;
}
